
Microsoft Visual Studio Solution File, Format Version 12.00
# Visual Studio Version 16
VisualStudioVersion = 16.0.810.20
MinimumVisualStudioVersion = 10.0.40219.1
Project("{FAE04EC0-301F-11D3-BF4B-00C04F79EFBC}") = "webhook-endpoint.cSharp", "webhook-endpoint.cSharp\webhook-endpoint.cSharp.csproj", "{450A188D-1C28-439B-B21B-55CC1AEBBA3D}"
EndProject
Global
	GlobalSection(SolutionConfigurationPlatforms) = preSolution
		Debug|Any CPU = Debug|Any CPU
		Release|Any CPU = Release|Any CPU
	EndGlobalSection
	GlobalSection(ProjectConfigurationPlatforms) = postSolution
		{450A188D-1C28-439B-B21B-55CC1AEBBA3D}.Debug|Any CPU.ActiveCfg = Debug|Any CPU
		{450A188D-1C28-439B-B21B-55CC1AEBBA3D}.Debug|Any CPU.Build.0 = Debug|Any CPU
		{450A188D-1C28-439B-B21B-55CC1AEBBA3D}.Release|Any CPU.ActiveCfg = Release|Any CPU
		{450A188D-1C28-439B-B21B-55CC1AEBBA3D}.Release|Any CPU.Build.0 = Release|Any CPU
	EndGlobalSection
	GlobalSection(SolutionProperties) = preSolution
		HideSolutionNode = FALSE
	EndGlobalSection
	GlobalSection(ExtensibilityGlobals) = postSolution
		SolutionGuid = {D8410F00-C850-4272-8AEB-2D4FB093558E}
	EndGlobalSection
EndGlobal
